
Microsoft Visual Studio Solution File, Format Version 12.00
Project("{FAE04EC0-301F-11D3-BF4B-00C04F79EFBC}") = "lab1b", "lab1b\lab1b.csproj", "{DC3EBD5B-1EAA-4110-A80B-52D34C9C8885}"
EndProject
Global
	GlobalSection(SolutionConfigurationPlatforms) = preSolution
		Debug|Any CPU = Debug|Any CPU
		Release|Any CPU = Release|Any CPU
	EndGlobalSection
	GlobalSection(ProjectConfigurationPlatforms) = postSolution
		{DC3EBD5B-1EAA-4110-A80B-52D34C9C8885}.Debug|Any CPU.ActiveCfg = Debug|Any CPU
		{DC3EBD5B-1EAA-4110-A80B-52D34C9C8885}.Debug|Any CPU.Build.0 = Debug|Any CPU
		{DC3EBD5B-1EAA-4110-A80B-52D34C9C8885}.Release|Any CPU.ActiveCfg = Release|Any CPU
		{DC3EBD5B-1EAA-4110-A80B-52D34C9C8885}.Release|Any CPU.Build.0 = Release|Any CPU
	EndGlobalSection
EndGlobal
