
Microsoft Visual Studio Solution File, Format Version 12.00
Project("{FAE04EC0-301F-11D3-BF4B-00C04F79EFBC}") = "lab2", "lab2\lab2.csproj", "{A6B5CF9E-4DB5-4D53-9C06-493FF0954CB9}"
EndProject
Global
	GlobalSection(SolutionConfigurationPlatforms) = preSolution
		Debug|Any CPU = Debug|Any CPU
		Release|Any CPU = Release|Any CPU
	EndGlobalSection
	GlobalSection(ProjectConfigurationPlatforms) = postSolution
		{A6B5CF9E-4DB5-4D53-9C06-493FF0954CB9}.Debug|Any CPU.ActiveCfg = Debug|Any CPU
		{A6B5CF9E-4DB5-4D53-9C06-493FF0954CB9}.Debug|Any CPU.Build.0 = Debug|Any CPU
		{A6B5CF9E-4DB5-4D53-9C06-493FF0954CB9}.Release|Any CPU.ActiveCfg = Release|Any CPU
		{A6B5CF9E-4DB5-4D53-9C06-493FF0954CB9}.Release|Any CPU.Build.0 = Release|Any CPU
	EndGlobalSection
EndGlobal
